
Microsoft Visual Studio Solution File, Format Version 12.00
# Visual Studio Version 17
VisualStudioVersion = 17.6.33815.320
MinimumVisualStudioVersion = 10.0.40219.1
Project("{FAE04EC0-301F-11D3-BF4B-00C04F79EFBC}") = "ConsoleApp1", "ConsoleApp1.csproj", "{7658EE0D-C0D8-4E19-890E-12B7E3AA294C}"
EndProject
Project("{FAE04EC0-301F-11D3-BF4B-00C04F79EFBC}") = "GeometryCalculateLibrary", "..\GeometryCalculateLibrary\GeometryCalculateLibrary.csproj", "{AB229F34-6F1D-417F-978B-DC3FD44F2961}"
EndProject
Project("{FAE04EC0-301F-11D3-BF4B-00C04F79EFBC}") = "GeometryCalculateLibrary.Tests", "..\GeometryCalculateLibrary.Tests\GeometryCalculateLibrary.Tests.csproj", "{9B73B393-5EDB-4BCC-946D-2F7AB3B2457F}"
EndProject
Global
	GlobalSection(SolutionConfigurationPlatforms) = preSolution
		Debug|Any CPU = Debug|Any CPU
		Release|Any CPU = Release|Any CPU
	EndGlobalSection
	GlobalSection(ProjectConfigurationPlatforms) = postSolution
		{7658EE0D-C0D8-4E19-890E-12B7E3AA294C}.Debug|Any CPU.ActiveCfg = Debug|Any CPU
		{7658EE0D-C0D8-4E19-890E-12B7E3AA294C}.Debug|Any CPU.Build.0 = Debug|Any CPU
		{7658EE0D-C0D8-4E19-890E-12B7E3AA294C}.Release|Any CPU.ActiveCfg = Release|Any CPU
		{7658EE0D-C0D8-4E19-890E-12B7E3AA294C}.Release|Any CPU.Build.0 = Release|Any CPU
		{AB229F34-6F1D-417F-978B-DC3FD44F2961}.Debug|Any CPU.ActiveCfg = Debug|Any CPU
		{AB229F34-6F1D-417F-978B-DC3FD44F2961}.Debug|Any CPU.Build.0 = Debug|Any CPU
		{AB229F34-6F1D-417F-978B-DC3FD44F2961}.Release|Any CPU.ActiveCfg = Release|Any CPU
		{AB229F34-6F1D-417F-978B-DC3FD44F2961}.Release|Any CPU.Build.0 = Release|Any CPU
		{9B73B393-5EDB-4BCC-946D-2F7AB3B2457F}.Debug|Any CPU.ActiveCfg = Debug|Any CPU
		{9B73B393-5EDB-4BCC-946D-2F7AB3B2457F}.Debug|Any CPU.Build.0 = Debug|Any CPU
		{9B73B393-5EDB-4BCC-946D-2F7AB3B2457F}.Release|Any CPU.ActiveCfg = Release|Any CPU
		{9B73B393-5EDB-4BCC-946D-2F7AB3B2457F}.Release|Any CPU.Build.0 = Release|Any CPU
	EndGlobalSection
	GlobalSection(SolutionProperties) = preSolution
		HideSolutionNode = FALSE
	EndGlobalSection
	GlobalSection(ExtensibilityGlobals) = postSolution
		SolutionGuid = {B5F46D5E-E8AF-4575-A63A-D85B562A8EFD}
	EndGlobalSection
EndGlobal
